// !$*UTF8*$!
{
	archiveVersion = 1;
	classes = {
	};
	objectVersion = 56;
	objects = {

/* Begin PBXBuildFile section */
		3B5227912BEBE822008A64AE /* AppDelegate.swift in Sources */ = {isa = PBXBuildFile; fileRef = 3B5227902BEBE822008A64AE /* AppDelegate.swift */; };
		3B5227932BEBE822008A64AE /* SceneDelegate.swift in Sources */ = {isa = PBXBuildFile; fileRef = 3B5227922BEBE822008A64AE /* SceneDelegate.swift */; };
		3B5227952BEBE822008A64AE /* ViewController.swift in Sources */ = {isa = PBXBuildFile; fileRef = 3B5227942BEBE822008A64AE /* ViewController.swift */; };
		3B5227982BEBE822008A64AE /* Base in Resources */ = {isa = PBXBuildFile; fileRef = 3B5227972BEBE822008A64AE /* Base */; };
		3B52279A2BEBE824008A64AE /* Assets.xcassets in Resources */ = {isa = PBXBuildFile; fileRef = 3B5227992BEBE824008A64AE /* Assets.xcassets */; };
		3B52279D2BEBE824008A64AE /* Base in Resources */ = {isa = PBXBuildFile; fileRef = 3B52279C2BEBE824008A64AE /* Base */; };
		3B5227A52BEBEB3E008A64AE /* UIView+extension.swift in Sources */ = {isa = PBXBuildFile; fileRef = 3B5227A42BEBEB3E008A64AE /* UIView+extension.swift */; };
		3B5227A72BED167E008A64AE /* UIColor+extensions.swift in Sources */ = {isa = PBXBuildFile; fileRef = 3B5227A62BED167E008A64AE /* UIColor+extensions.swift */; };
		3B5227AC2BED25C0008A64AE /* HourlyForecastCollectionViewCell.swift in Sources */ = {isa = PBXBuildFile; fileRef = 3B5227AB2BED25C0008A64AE /* HourlyForecastCollectionViewCell.swift */; };
		3B5227AE2BED25DE008A64AE /* DailyForecastCollectionViewCell.swift in Sources */ = {isa = PBXBuildFile; fileRef = 3B5227AD2BED25DE008A64AE /* DailyForecastCollectionViewCell.swift */; };
		3B5227B12BEFB9FC008A64AE /* CurrentAPI.swift in Sources */ = {isa = PBXBuildFile; fileRef = 3B5227B02BEFB9FC008A64AE /* CurrentAPI.swift */; };
		3B5227B42BEFBDDE008A64AE /* DailyAPI.swift in Sources */ = {isa = PBXBuildFile; fileRef = 3B5227B32BEFBDDE008A64AE /* DailyAPI.swift */; };
		3B5227B62BEFBFFD008A64AE /* LocationManager.swift in Sources */ = {isa = PBXBuildFile; fileRef = 3B5227B52BEFBFFD008A64AE /* LocationManager.swift */; };
		3B5227B92BF38B21008A64AE /* HourlyAPI.swift in Sources */ = {isa = PBXBuildFile; fileRef = 3B5227B82BF38B21008A64AE /* HourlyAPI.swift */; };
		3BE2A8F62BFCF31F009AA8D5 /* Strings+extension.swift in Sources */ = {isa = PBXBuildFile; fileRef = 3BE2A8F52BFCF31F009AA8D5 /* Strings+extension.swift */; };
		3BE2A8FF2BFCF5D1009AA8D5 /* Localizable.strings in Resources */ = {isa = PBXBuildFile; fileRef = 3BE2A8FD2BFCF5D1009AA8D5 /* Localizable.strings */; };
/* End PBXBuildFile section */

/* Begin PBXFileReference section */
		3B52278D2BEBE822008A64AE /* WeatherApp.app */ = {isa = PBXFileReference; explicitFileType = wrapper.application; includeInIndex = 0; path = WeatherApp.app; sourceTree = BUILT_PRODUCTS_DIR; };
		3B5227902BEBE822008A64AE /* AppDelegate.swift */ = {isa = PBXFileReference; lastKnownFileType = sourcecode.swift; path = AppDelegate.swift; sourceTree = "<group>"; };
		3B5227922BEBE822008A64AE /* SceneDelegate.swift */ = {isa = PBXFileReference; lastKnownFileType = sourcecode.swift; path = SceneDelegate.swift; sourceTree = "<group>"; };
		3B5227942BEBE822008A64AE /* ViewController.swift */ = {isa = PBXFileReference; lastKnownFileType = sourcecode.swift; path = ViewController.swift; sourceTree = "<group>"; };
		3B5227972BEBE822008A64AE /* Base */ = {isa = PBXFileReference; lastKnownFileType = file.storyboard; name = Base; path = Base.lproj/Main.storyboard; sourceTree = "<group>"; };
		3B5227992BEBE824008A64AE /* Assets.xcassets */ = {isa = PBXFileReference; lastKnownFileType = folder.assetcatalog; path = Assets.xcassets; sourceTree = "<group>"; };
		3B52279C2BEBE824008A64AE /* Base */ = {isa = PBXFileReference; lastKnownFileType = file.storyboard; name = Base; path = Base.lproj/LaunchScreen.storyboard; sourceTree = "<group>"; };
		3B52279E2BEBE824008A64AE /* Info.plist */ = {isa = PBXFileReference; lastKnownFileType = text.plist.xml; path = Info.plist; sourceTree = "<group>"; };
		3B5227A42BEBEB3E008A64AE /* UIView+extension.swift */ = {isa = PBXFileReference; lastKnownFileType = sourcecode.swift; path = "UIView+extension.swift"; sourceTree = "<group>"; };
		3B5227A62BED167E008A64AE /* UIColor+extensions.swift */ = {isa = PBXFileReference; lastKnownFileType = sourcecode.swift; path = "UIColor+extensions.swift"; sourceTree = "<group>"; };
		3B5227AB2BED25C0008A64AE /* HourlyForecastCollectionViewCell.swift */ = {isa = PBXFileReference; lastKnownFileType = sourcecode.swift; path = HourlyForecastCollectionViewCell.swift; sourceTree = "<group>"; };
		3B5227AD2BED25DE008A64AE /* DailyForecastCollectionViewCell.swift */ = {isa = PBXFileReference; lastKnownFileType = sourcecode.swift; path = DailyForecastCollectionViewCell.swift; sourceTree = "<group>"; };
		3B5227B02BEFB9FC008A64AE /* CurrentAPI.swift */ = {isa = PBXFileReference; lastKnownFileType = sourcecode.swift; path = CurrentAPI.swift; sourceTree = "<group>"; };
		3B5227B32BEFBDDE008A64AE /* DailyAPI.swift */ = {isa = PBXFileReference; lastKnownFileType = sourcecode.swift; path = DailyAPI.swift; sourceTree = "<group>"; };
		3B5227B52BEFBFFD008A64AE /* LocationManager.swift */ = {isa = PBXFileReference; lastKnownFileType = sourcecode.swift; path = LocationManager.swift; sourceTree = "<group>"; };
		3B5227B82BF38B21008A64AE /* HourlyAPI.swift */ = {isa = PBXFileReference; lastKnownFileType = sourcecode.swift; path = HourlyAPI.swift; sourceTree = "<group>"; };
		3BE2A8F52BFCF31F009AA8D5 /* Strings+extension.swift */ = {isa = PBXFileReference; lastKnownFileType = sourcecode.swift; path = "Strings+extension.swift"; sourceTree = "<group>"; };
		3BE2A8FE2BFCF5D1009AA8D5 /* en */ = {isa = PBXFileReference; lastKnownFileType = text.plist.strings; name = en; path = en.lproj/Localizable.strings; sourceTree = "<group>"; };
		3BE2A9002BFCF75E009AA8D5 /* ru */ = {isa = PBXFileReference; lastKnownFileType = text.plist.strings; name = ru; path = ru.lproj/Main.strings; sourceTree = "<group>"; };
		3BE2A9012BFCF75E009AA8D5 /* ru */ = {isa = PBXFileReference; lastKnownFileType = text.plist.strings; name = ru; path = ru.lproj/LaunchScreen.strings; sourceTree = "<group>"; };
		3BE2A9022BFCF75E009AA8D5 /* ru */ = {isa = PBXFileReference; lastKnownFileType = text.plist.strings; name = ru; path = ru.lproj/Localizable.strings; sourceTree = "<group>"; };
/* End PBXFileReference section */

/* Begin PBXFrameworksBuildPhase section */
		3B52278A2BEBE822008A64AE /* Frameworks */ = {
			isa = PBXFrameworksBuildPhase;
			buildActionMask = 2147483647;
			files = (
			);
			runOnlyForDeploymentPostprocessing = 0;
		};
/* End PBXFrameworksBuildPhase section */

/* Begin PBXGroup section */
		3B5227842BEBE822008A64AE = {
			isa = PBXGroup;
			children = (
				3BE2A8FD2BFCF5D1009AA8D5 /* Localizable.strings */,
				3B52278F2BEBE822008A64AE /* WeatherApp */,
				3B52278E2BEBE822008A64AE /* Products */,
			);
			sourceTree = "<group>";
		};
		3B52278E2BEBE822008A64AE /* Products */ = {
			isa = PBXGroup;
			children = (
				3B52278D2BEBE822008A64AE /* WeatherApp.app */,
			);
			name = Products;
			sourceTree = "<group>";
		};
		3B52278F2BEBE822008A64AE /* WeatherApp */ = {
			isa = PBXGroup;
			children = (
				3B5227902BEBE822008A64AE /* AppDelegate.swift */,
				3B5227922BEBE822008A64AE /* SceneDelegate.swift */,
				3B5227942BEBE822008A64AE /* ViewController.swift */,
				3B5227AF2BED25E2008A64AE /* Cells */,
				3B5227B22BEFBA00008A64AE /* API */,
				3B5227B72BEFC00B008A64AE /* Location */,
				3B5227A82BED16D3008A64AE /* Extensions */,
				3B5227962BEBE822008A64AE /* Main.storyboard */,
				3B5227992BEBE824008A64AE /* Assets.xcassets */,
				3B52279B2BEBE824008A64AE /* LaunchScreen.storyboard */,
				3B52279E2BEBE824008A64AE /* Info.plist */,
			);
			path = WeatherApp;
			sourceTree = "<group>";
		};
		3B5227A82BED16D3008A64AE /* Extensions */ = {
			isa = PBXGroup;
			children = (
				3B5227A42BEBEB3E008A64AE /* UIView+extension.swift */,
				3B5227A62BED167E008A64AE /* UIColor+extensions.swift */,
				3BE2A8F52BFCF31F009AA8D5 /* Strings+extension.swift */,
			);
			path = Extensions;
			sourceTree = "<group>";
		};
		3B5227AF2BED25E2008A64AE /* Cells */ = {
			isa = PBXGroup;
			children = (
				3B5227AB2BED25C0008A64AE /* HourlyForecastCollectionViewCell.swift */,
				3B5227AD2BED25DE008A64AE /* DailyForecastCollectionViewCell.swift */,
			);
			path = Cells;
			sourceTree = "<group>";
		};
		3B5227B22BEFBA00008A64AE /* API */ = {
			isa = PBXGroup;
			children = (
				3B5227B02BEFB9FC008A64AE /* CurrentAPI.swift */,
				3B5227B82BF38B21008A64AE /* HourlyAPI.swift */,
				3B5227B32BEFBDDE008A64AE /* DailyAPI.swift */,
			);
			path = API;
			sourceTree = "<group>";
		};
		3B5227B72BEFC00B008A64AE /* Location */ = {
			isa = PBXGroup;
			children = (
				3B5227B52BEFBFFD008A64AE /* LocationManager.swift */,
			);
			path = Location;
			sourceTree = "<group>";
		};
/* End PBXGroup section */

/* Begin PBXNativeTarget section */
		3B52278C2BEBE822008A64AE /* WeatherApp */ = {
			isa = PBXNativeTarget;
			buildConfigurationList = 3B5227A12BEBE824008A64AE /* Build configuration list for PBXNativeTarget "WeatherApp" */;
			buildPhases = (
				3B5227892BEBE822008A64AE /* Sources */,
				3B52278A2BEBE822008A64AE /* Frameworks */,
				3B52278B2BEBE822008A64AE /* Resources */,
			);
			buildRules = (
			);
			dependencies = (
			);
			name = WeatherApp;
			productName = WeatherApp;
			productReference = 3B52278D2BEBE822008A64AE /* WeatherApp.app */;
			productType = "com.apple.product-type.application";
		};
/* End PBXNativeTarget section */

/* Begin PBXProject section */
		3B5227852BEBE822008A64AE /* Project object */ = {
			isa = PBXProject;
			attributes = {
				BuildIndependentTargetsInParallel = 1;
				LastSwiftUpdateCheck = 1530;
				LastUpgradeCheck = 1530;
				TargetAttributes = {
					3B52278C2BEBE822008A64AE = {
						CreatedOnToolsVersion = 15.3;
					};
				};
			};
			buildConfigurationList = 3B5227882BEBE822008A64AE /* Build configuration list for PBXProject "WeatherApp" */;
			compatibilityVersion = "Xcode 14.0";
			developmentRegion = en;
			hasScannedForEncodings = 0;
			knownRegions = (
				en,
				Base,
				ru,
			);
			mainGroup = 3B5227842BEBE822008A64AE;
			productRefGroup = 3B52278E2BEBE822008A64AE /* Products */;
			projectDirPath = "";
			projectRoot = "";
			targets = (
				3B52278C2BEBE822008A64AE /* WeatherApp */,
			);
		};
/* End PBXProject section */

/* Begin PBXResourcesBuildPhase section */
		3B52278B2BEBE822008A64AE /* Resources */ = {
			isa = PBXResourcesBuildPhase;
			buildActionMask = 2147483647;
			files = (
				3B52279A2BEBE824008A64AE /* Assets.xcassets in Resources */,
				3BE2A8FF2BFCF5D1009AA8D5 /* Localizable.strings in Resources */,
				3B52279D2BEBE824008A64AE /* Base in Resources */,
				3B5227982BEBE822008A64AE /* Base in Resources */,
			);
			runOnlyForDeploymentPostprocessing = 0;
		};
/* End PBXResourcesBuildPhase section */

/* Begin PBXSourcesBuildPhase section */
		3B5227892BEBE822008A64AE /* Sources */ = {
			isa = PBXSourcesBuildPhase;
			buildActionMask = 2147483647;
			files = (
				3B5227B12BEFB9FC008A64AE /* CurrentAPI.swift in Sources */,
				3B5227952BEBE822008A64AE /* ViewController.swift in Sources */,
				3B5227B62BEFBFFD008A64AE /* LocationManager.swift in Sources */,
				3B5227B92BF38B21008A64AE /* HourlyAPI.swift in Sources */,
				3B5227AE2BED25DE008A64AE /* DailyForecastCollectionViewCell.swift in Sources */,
				3B5227912BEBE822008A64AE /* AppDelegate.swift in Sources */,
				3B5227A72BED167E008A64AE /* UIColor+extensions.swift in Sources */,
				3B5227A52BEBEB3E008A64AE /* UIView+extension.swift in Sources */,
				3BE2A8F62BFCF31F009AA8D5 /* Strings+extension.swift in Sources */,
				3B5227B42BEFBDDE008A64AE /* DailyAPI.swift in Sources */,
				3B5227AC2BED25C0008A64AE /* HourlyForecastCollectionViewCell.swift in Sources */,
				3B5227932BEBE822008A64AE /* SceneDelegate.swift in Sources */,
			);
			runOnlyForDeploymentPostprocessing = 0;
		};
/* End PBXSourcesBuildPhase section */

/* Begin PBXVariantGroup section */
		3B5227962BEBE822008A64AE /* Main.storyboard */ = {
			isa = PBXVariantGroup;
			children = (
				3B5227972BEBE822008A64AE /* Base */,
				3BE2A9002BFCF75E009AA8D5 /* ru */,
			);
			name = Main.storyboard;
			sourceTree = "<group>";
		};
		3B52279B2BEBE824008A64AE /* LaunchScreen.storyboard */ = {
			isa = PBXVariantGroup;
			children = (
				3B52279C2BEBE824008A64AE /* Base */,
				3BE2A9012BFCF75E009AA8D5 /* ru */,
			);
			name = LaunchScreen.storyboard;
			sourceTree = "<group>";
		};
		3BE2A8FD2BFCF5D1009AA8D5 /* Localizable.strings */ = {
			isa = PBXVariantGroup;
			children = (
				3BE2A8FE2BFCF5D1009AA8D5 /* en */,
				3BE2A9022BFCF75E009AA8D5 /* ru */,
			);
			name = Localizable.strings;
			sourceTree = "<group>";
		};
/* End PBXVariantGroup section */

/* Begin XCBuildConfiguration section */
		3B52279F2BEBE824008A64AE /* Debug */ = {
			isa = XCBuildConfiguration;
			buildSettings = {
				ALWAYS_SEARCH_USER_PATHS = NO;
				ASSETCATALOG_COMPILER_GENERATE_SWIFT_ASSET_SYMBOL_EXTENSIONS = YES;
				CLANG_ANALYZER_LOCALIZABILITY_NONLOCALIZED = YES;
				CLANG_ANALYZER_NONNULL = YES;
				CLANG_ANALYZER_NUMBER_OBJECT_CONVERSION = YES_AGGRESSIVE;
				CLANG_CXX_LANGUAGE_STANDARD = "gnu++20";
				CLANG_ENABLE_MODULES = YES;
				CLANG_ENABLE_OBJC_ARC = YES;
				CLANG_ENABLE_OBJC_WEAK = YES;
				CLANG_WARN_BLOCK_CAPTURE_AUTORELEASING = YES;
				CLANG_WARN_BOOL_CONVERSION = YES;
				CLANG_WARN_COMMA = YES;
				CLANG_WARN_CONSTANT_CONVERSION = YES;
				CLANG_WARN_DEPRECATED_OBJC_IMPLEMENTATIONS = YES;
				CLANG_WARN_DIRECT_OBJC_ISA_USAGE = YES_ERROR;
				CLANG_WARN_DOCUMENTATION_COMMENTS = YES;
				CLANG_WARN_EMPTY_BODY = YES;
				CLANG_WARN_ENUM_CONVERSION = YES;
				CLANG_WARN_INFINITE_RECURSION = YES;
				CLANG_WARN_INT_CONVERSION = YES;
				CLANG_WARN_NON_LITERAL_NULL_CONVERSION = YES;
				CLANG_WARN_OBJC_IMPLICIT_RETAIN_SELF = YES;
				CLANG_WARN_OBJC_LITERAL_CONVERSION = YES;
				CLANG_WARN_OBJC_ROOT_CLASS = YES_ERROR;
				CLANG_WARN_QUOTED_INCLUDE_IN_FRAMEWORK_HEADER = YES;
				CLANG_WARN_RANGE_LOOP_ANALYSIS = YES;
				CLANG_WARN_STRICT_PROTOTYPES = YES;
				CLANG_WARN_SUSPICIOUS_MOVE = YES;
				CLANG_WARN_UNGUARDED_AVAILABILITY = YES_AGGRESSIVE;
				CLANG_WARN_UNREACHABLE_CODE = YES;
				CLANG_WARN__DUPLICATE_METHOD_MATCH = YES;
				COPY_PHASE_STRIP = NO;
				DEBUG_INFORMATION_FORMAT = dwarf;
				ENABLE_STRICT_OBJC_MSGSEND = YES;
				ENABLE_TESTABILITY = YES;
				ENABLE_USER_SCRIPT_SANDBOXING = YES;
				GCC_C_LANGUAGE_STANDARD = gnu17;
				GCC_DYNAMIC_NO_PIC = NO;
				GCC_NO_COMMON_BLOCKS = YES;
				GCC_OPTIMIZATION_LEVEL = 0;
				GCC_PREPROCESSOR_DEFINITIONS = (
					"DEBUG=1",
					"$(inherited)",
				);
				GCC_WARN_64_TO_32_BIT_CONVERSION = YES;
				GCC_WARN_ABOUT_RETURN_TYPE = YES_ERROR;
				GCC_WARN_UNDECLARED_SELECTOR = YES;
				GCC_WARN_UNINITIALIZED_AUTOS = YES_AGGRESSIVE;
				GCC_WARN_UNUSED_FUNCTION = YES;
				GCC_WARN_UNUSED_VARIABLE = YES;
				IPHONEOS_DEPLOYMENT_TARGET = 17.4;
				LOCALIZATION_PREFERS_STRING_CATALOGS = YES;
				MTL_ENABLE_DEBUG_INFO = INCLUDE_SOURCE;
				MTL_FAST_MATH = YES;
				ONLY_ACTIVE_ARCH = YES;
				SDKROOT = iphoneos;
				SWIFT_ACTIVE_COMPILATION_CONDITIONS = "DEBUG $(inherited)";
				SWIFT_OPTIMIZATION_LEVEL = "-Onone";
			};
			name = Debug;
		};
		3B5227A02BEBE824008A64AE /* Release */ = {
			isa = XCBuildConfiguration;
			buildSettings = {
				ALWAYS_SEARCH_USER_PATHS = NO;
				ASSETCATALOG_COMPILER_GENERATE_SWIFT_ASSET_SYMBOL_EXTENSIONS = YES;
				CLANG_ANALYZER_LOCALIZABILITY_NONLOCALIZED = YES;
				CLANG_ANALYZER_NONNULL = YES;
				CLANG_ANALYZER_NUMBER_OBJECT_CONVERSION = YES_AGGRESSIVE;
				CLANG_CXX_LANGUAGE_STANDARD = "gnu++20";
				CLANG_ENABLE_MODULES = YES;
				CLANG_ENABLE_OBJC_ARC = YES;
				CLANG_ENABLE_OBJC_WEAK = YES;
				CLANG_WARN_BLOCK_CAPTURE_AUTORELEASING = YES;
				CLANG_WARN_BOOL_CONVERSION = YES;
				CLANG_WARN_COMMA = YES;
				CLANG_WARN_CONSTANT_CONVERSION = YES;
				CLANG_WARN_DEPRECATED_OBJC_IMPLEMENTATIONS = YES;
				CLANG_WARN_DIRECT_OBJC_ISA_USAGE = YES_ERROR;
				CLANG_WARN_DOCUMENTATION_COMMENTS = YES;
				CLANG_WARN_EMPTY_BODY = YES;
				CLANG_WARN_ENUM_CONVERSION = YES;
				CLANG_WARN_INFINITE_RECURSION = YES;
				CLANG_WARN_INT_CONVERSION = YES;
				CLANG_WARN_NON_LITERAL_NULL_CONVERSION = YES;
				CLANG_WARN_OBJC_IMPLICIT_RETAIN_SELF = YES;
				CLANG_WARN_OBJC_LITERAL_CONVERSION = YES;
				CLANG_WARN_OBJC_ROOT_CLASS = YES_ERROR;
				CLANG_WARN_QUOTED_INCLUDE_IN_FRAMEWORK_HEADER = YES;
				CLANG_WARN_RANGE_LOOP_ANALYSIS = YES;
				CLANG_WARN_STRICT_PROTOTYPES = YES;
				CLANG_WARN_SUSPICIOUS_MOVE = YES;
				CLANG_WARN_UNGUARDED_AVAILABILITY = YES_AGGRESSIVE;
				CLANG_WARN_UNREACHABLE_CODE = YES;
				CLANG_WARN__DUPLICATE_METHOD_MATCH = YES;
				COPY_PHASE_STRIP = NO;
				DEBUG_INFORMATION_FORMAT = "dwarf-with-dsym";
				ENABLE_NS_ASSERTIONS = NO;
				ENABLE_STRICT_OBJC_MSGSEND = YES;
				ENABLE_USER_SCRIPT_SANDBOXING = YES;
				GCC_C_LANGUAGE_STANDARD = gnu17;
				GCC_NO_COMMON_BLOCKS = YES;
				GCC_WARN_64_TO_32_BIT_CONVERSION = YES;
				GCC_WARN_ABOUT_RETURN_TYPE = YES_ERROR;
				GCC_WARN_UNDECLARED_SELECTOR = YES;
				GCC_WARN_UNINITIALIZED_AUTOS = YES_AGGRESSIVE;
				GCC_WARN_UNUSED_FUNCTION = YES;
				GCC_WARN_UNUSED_VARIABLE = YES;
				IPHONEOS_DEPLOYMENT_TARGET = 17.4;
				LOCALIZATION_PREFERS_STRING_CATALOGS = YES;
				MTL_ENABLE_DEBUG_INFO = NO;
				MTL_FAST_MATH = YES;
				SDKROOT = iphoneos;
				SWIFT_COMPILATION_MODE = wholemodule;
				VALIDATE_PRODUCT = YES;
			};
			name = Release;
		};
		3B5227A22BEBE824008A64AE /* Debug */ = {
			isa = XCBuildConfiguration;
			buildSettings = {
				ASSETCATALOG_COMPILER_APPICON_NAME = AppIcon;
				ASSETCATALOG_COMPILER_GLOBAL_ACCENT_COLOR_NAME = AccentColor;
				CODE_SIGN_STYLE = Automatic;
				CURRENT_PROJECT_VERSION = 1;
				DEVELOPMENT_TEAM = AMUG4JV66R;
				GENERATE_INFOPLIST_FILE = YES;
				INFOPLIST_FILE = WeatherApp/Info.plist;
				INFOPLIST_KEY_UIApplicationSupportsIndirectInputEvents = YES;
				INFOPLIST_KEY_UILaunchStoryboardName = LaunchScreen;
				INFOPLIST_KEY_UIMainStoryboardFile = Main;
				INFOPLIST_KEY_UISupportedInterfaceOrientations_iPad = "UIInterfaceOrientationPortrait UIInterfaceOrientationPortraitUpsideDown UIInterfaceOrientationLandscapeLeft UIInterfaceOrientationLandscapeRight";
				INFOPLIST_KEY_UISupportedInterfaceOrientations_iPhone = "UIInterfaceOrientationPortrait UIInterfaceOrientationLandscapeLeft UIInterfaceOrientationLandscapeRight";
				LD_RUNPATH_SEARCH_PATHS = (
					"$(inherited)",
					"@executable_path/Frameworks",
				);
				MARKETING_VERSION = 1.0;
				PRODUCT_BUNDLE_IDENTIFIER = "Denis-Raiko.WeatherApp";
				PRODUCT_NAME = "$(TARGET_NAME)";
				SUPPORTED_PLATFORMS = "iphoneos iphonesimulator";
				SUPPORTS_MACCATALYST = NO;
				SUPPORTS_MAC_DESIGNED_FOR_IPHONE_IPAD = NO;
				SUPPORTS_XR_DESIGNED_FOR_IPHONE_IPAD = NO;
				SWIFT_EMIT_LOC_STRINGS = YES;
				SWIFT_VERSION = 5.0;
				TARGETED_DEVICE_FAMILY = "1,2";
			};
			name = Debug;
		};
		3B5227A32BEBE824008A64AE /* Release */ = {
			isa = XCBuildConfiguration;
			buildSettings = {
				ASSETCATALOG_COMPILER_APPICON_NAME = AppIcon;
				ASSETCATALOG_COMPILER_GLOBAL_ACCENT_COLOR_NAME = AccentColor;
				CODE_SIGN_STYLE = Automatic;
				CURRENT_PROJECT_VERSION = 1;
				DEVELOPMENT_TEAM = AMUG4JV66R;
				GENERATE_INFOPLIST_FILE = YES;
				INFOPLIST_FILE = WeatherApp/Info.plist;
				INFOPLIST_KEY_UIApplicationSupportsIndirectInputEvents = YES;
				INFOPLIST_KEY_UILaunchStoryboardName = LaunchScreen;
				INFOPLIST_KEY_UIMainStoryboardFile = Main;
				INFOPLIST_KEY_UISupportedInterfaceOrientations_iPad = "UIInterfaceOrientationPortrait UIInterfaceOrientationPortraitUpsideDown UIInterfaceOrientationLandscapeLeft UIInterfaceOrientationLandscapeRight";
				INFOPLIST_KEY_UISupportedInterfaceOrientations_iPhone = "UIInterfaceOrientationPortrait UIInterfaceOrientationLandscapeLeft UIInterfaceOrientationLandscapeRight";
				LD_RUNPATH_SEARCH_PATHS = (
					"$(inherited)",
					"@executable_path/Frameworks",
				);
				MARKETING_VERSION = 1.0;
				PRODUCT_BUNDLE_IDENTIFIER = "Denis-Raiko.WeatherApp";
				PRODUCT_NAME = "$(TARGET_NAME)";
				SUPPORTED_PLATFORMS = "iphoneos iphonesimulator";
				SUPPORTS_MACCATALYST = NO;
				SUPPORTS_MAC_DESIGNED_FOR_IPHONE_IPAD = NO;
				SUPPORTS_XR_DESIGNED_FOR_IPHONE_IPAD = NO;
				SWIFT_EMIT_LOC_STRINGS = YES;
				SWIFT_VERSION = 5.0;
				TARGETED_DEVICE_FAMILY = "1,2";
			};
			name = Release;
		};
/* End XCBuildConfiguration section */

/* Begin XCConfigurationList section */
		3B5227882BEBE822008A64AE /* Build configuration list for PBXProject "WeatherApp" */ = {
			isa = XCConfigurationList;
			buildConfigurations = (
				3B52279F2BEBE824008A64AE /* Debug */,
				3B5227A02BEBE824008A64AE /* Release */,
			);
			defaultConfigurationIsVisible = 0;
			defaultConfigurationName = Release;
		};
		3B5227A12BEBE824008A64AE /* Build configuration list for PBXNativeTarget "WeatherApp" */ = {
			isa = XCConfigurationList;
			buildConfigurations = (
				3B5227A22BEBE824008A64AE /* Debug */,
				3B5227A32BEBE824008A64AE /* Release */,
			);
			defaultConfigurationIsVisible = 0;
			defaultConfigurationName = Release;
		};
/* End XCConfigurationList section */
	};
	rootObject = 3B5227852BEBE822008A64AE /* Project object */;
}
